{
  "requires": true,
  "lockfileVersion": 1,
  "dependencies": {
    "detect-trailing-whitespace": {
      "version": "1.0.0",
      "resolved": "https://registry.npmjs.org/detect-trailing-whitespace/-/detect-trailing-whitespace-1.0.0.tgz",
      "integrity": "sha512-/x37wakH/Y+yiCg4NOMmuoA1YDJQvfdSfW9lxgLzAc6kq955/+uhBA9S2SWOIkfp/t2Ntv1bddagw0wTb5Cu8A=="
    }
  }
}
